
Microsoft Visual Studio Solution File, Format Version 12.00
Project("{2150E333-8FDC-42A3-9474-1A3956D46DE8}") = "src", "src", "{41F11E7F-D94F-49D7-A341-F31DCCAFA179}"
EndProject
Project("{2150E333-8FDC-42A3-9474-1A3956D46DE8}") = "backend", "backend", "{D02B54F0-A63E-4C1F-AA84-8D3E8FDAFB81}"
EndProject
Project("{2150E333-8FDC-42A3-9474-1A3956D46DE8}") = "frontend", "frontend", "{70EF2EE6-3464-4425-951F-76ECD1E37050}"
EndProject
Global
	GlobalSection(SolutionConfigurationPlatforms) = preSolution
		Debug|Any CPU = Debug|Any CPU
		Release|Any CPU = Release|Any CPU
	EndGlobalSection
	GlobalSection(NestedProjects) = preSolution
		{D02B54F0-A63E-4C1F-AA84-8D3E8FDAFB81} = {41F11E7F-D94F-49D7-A341-F31DCCAFA179}
		{70EF2EE6-3464-4425-951F-76ECD1E37050} = {41F11E7F-D94F-49D7-A341-F31DCCAFA179}
	EndGlobalSection
EndGlobal
